
Microsoft Visual Studio Solution File, Format Version 12.00
# Visual Studio Version 17
VisualStudioVersion = 17.4.33213.308
MinimumVisualStudioVersion = 10.0.40219.1
Project("{FAE04EC0-301F-11D3-BF4B-00C04F79EFBC}") = "MP3Sharp", "MP3Sharp\MP3Sharp.csproj", "{A8289E36-A84C-4D13-B966-7FE6BA368952}"
EndProject
Project("{FAE04EC0-301F-11D3-BF4B-00C04F79EFBC}") = "MP3Sharp.UnitTests", "MP3Sharp.UnitTests\MP3Sharp.UnitTests.csproj", "{BAE135FA-DA59-44C8-A364-A406104A2FC2}"
EndProject
Global
	GlobalSection(SolutionConfigurationPlatforms) = preSolution
		Debug|Any CPU = Debug|Any CPU
		Debug|Mixed Platforms = Debug|Mixed Platforms
		Debug|x86 = Debug|x86
		Release|Any CPU = Release|Any CPU
		Release|Mixed Platforms = Release|Mixed Platforms
		Release|x86 = Release|x86
	EndGlobalSection
	GlobalSection(ProjectConfigurationPlatforms) = postSolution
		{A8289E36-A84C-4D13-B966-7FE6BA368952}.Debug|Any CPU.ActiveCfg = Debug|Any CPU
		{A8289E36-A84C-4D13-B966-7FE6BA368952}.Debug|Any CPU.Build.0 = Debug|Any CPU
		{A8289E36-A84C-4D13-B966-7FE6BA368952}.Debug|Mixed Platforms.ActiveCfg = Debug|Any CPU
		{A8289E36-A84C-4D13-B966-7FE6BA368952}.Debug|Mixed Platforms.Build.0 = Debug|Any CPU
		{A8289E36-A84C-4D13-B966-7FE6BA368952}.Debug|x86.ActiveCfg = Debug|Any CPU
		{A8289E36-A84C-4D13-B966-7FE6BA368952}.Debug|x86.Build.0 = Debug|Any CPU
		{A8289E36-A84C-4D13-B966-7FE6BA368952}.Release|Any CPU.ActiveCfg = Release|Any CPU
		{A8289E36-A84C-4D13-B966-7FE6BA368952}.Release|Any CPU.Build.0 = Release|Any CPU
		{A8289E36-A84C-4D13-B966-7FE6BA368952}.Release|Mixed Platforms.ActiveCfg = Release|Any CPU
		{A8289E36-A84C-4D13-B966-7FE6BA368952}.Release|Mixed Platforms.Build.0 = Release|Any CPU
		{A8289E36-A84C-4D13-B966-7FE6BA368952}.Release|x86.ActiveCfg = Release|Any CPU
		{A8289E36-A84C-4D13-B966-7FE6BA368952}.Release|x86.Build.0 = Release|Any CPU
		{BAE135FA-DA59-44C8-A364-A406104A2FC2}.Debug|Any CPU.ActiveCfg = Debug|Any CPU
		{BAE135FA-DA59-44C8-A364-A406104A2FC2}.Debug|Any CPU.Build.0 = Debug|Any CPU
		{BAE135FA-DA59-44C8-A364-A406104A2FC2}.Debug|Mixed Platforms.ActiveCfg = Debug|Any CPU
		{BAE135FA-DA59-44C8-A364-A406104A2FC2}.Debug|Mixed Platforms.Build.0 = Debug|Any CPU
		{BAE135FA-DA59-44C8-A364-A406104A2FC2}.Debug|x86.ActiveCfg = Debug|Any CPU
		{BAE135FA-DA59-44C8-A364-A406104A2FC2}.Debug|x86.Build.0 = Debug|Any CPU
		{BAE135FA-DA59-44C8-A364-A406104A2FC2}.Release|Any CPU.ActiveCfg = Release|Any CPU
		{BAE135FA-DA59-44C8-A364-A406104A2FC2}.Release|Any CPU.Build.0 = Release|Any CPU
		{BAE135FA-DA59-44C8-A364-A406104A2FC2}.Release|Mixed Platforms.ActiveCfg = Release|Any CPU
		{BAE135FA-DA59-44C8-A364-A406104A2FC2}.Release|Mixed Platforms.Build.0 = Release|Any CPU
		{BAE135FA-DA59-44C8-A364-A406104A2FC2}.Release|x86.ActiveCfg = Release|Any CPU
		{BAE135FA-DA59-44C8-A364-A406104A2FC2}.Release|x86.Build.0 = Release|Any CPU
	EndGlobalSection
	GlobalSection(SolutionProperties) = preSolution
		HideSolutionNode = FALSE
	EndGlobalSection
	GlobalSection(ExtensibilityGlobals) = postSolution
		SolutionGuid = {6D46F2F6-6964-41FC-A49E-47A12366356F}
	EndGlobalSection
EndGlobal
